
Microsoft Visual Studio Solution File, Format Version 12.00
# Visual Studio 15
VisualStudioVersion = 15.0.26124.0
MinimumVisualStudioVersion = 15.0.26124.0
Project("{2150E333-8FDC-42A3-9474-1A3956D46DE8}") = "src", "src", "{F5307A95-758C-48B1-AD7B-AADFF456D7FA}"
EndProject
Project("{F2A71F9B-5D33-465A-A702-920D77279786}") = "PtAstConsole", "src/PtAstConsole/PtAstConsole.fsproj", "{623C7A15-4F23-47C2-AE41-0456D01F0999}"
EndProject
Global
	GlobalSection(SolutionConfigurationPlatforms) = preSolution
		Debug|Any CPU = Debug|Any CPU
		Debug|x64 = Debug|x64
		Debug|x86 = Debug|x86
		Release|Any CPU = Release|Any CPU
		Release|x64 = Release|x64
		Release|x86 = Release|x86
	EndGlobalSection
	GlobalSection(SolutionProperties) = preSolution
		HideSolutionNode = FALSE
	EndGlobalSection
	GlobalSection(ProjectConfigurationPlatforms) = postSolution
		{623C7A15-4F23-47C2-AE41-0456D01F0999}.Debug|Any CPU.ActiveCfg = Debug|Any CPU
		{623C7A15-4F23-47C2-AE41-0456D01F0999}.Debug|Any CPU.Build.0 = Debug|Any CPU
		{623C7A15-4F23-47C2-AE41-0456D01F0999}.Debug|x64.ActiveCfg = Debug|Any CPU
		{623C7A15-4F23-47C2-AE41-0456D01F0999}.Debug|x64.Build.0 = Debug|Any CPU
		{623C7A15-4F23-47C2-AE41-0456D01F0999}.Debug|x86.ActiveCfg = Debug|Any CPU
		{623C7A15-4F23-47C2-AE41-0456D01F0999}.Debug|x86.Build.0 = Debug|Any CPU
		{623C7A15-4F23-47C2-AE41-0456D01F0999}.Release|Any CPU.ActiveCfg = Release|Any CPU
		{623C7A15-4F23-47C2-AE41-0456D01F0999}.Release|Any CPU.Build.0 = Release|Any CPU
		{623C7A15-4F23-47C2-AE41-0456D01F0999}.Release|x64.ActiveCfg = Release|Any CPU
		{623C7A15-4F23-47C2-AE41-0456D01F0999}.Release|x64.Build.0 = Release|Any CPU
		{623C7A15-4F23-47C2-AE41-0456D01F0999}.Release|x86.ActiveCfg = Release|Any CPU
		{623C7A15-4F23-47C2-AE41-0456D01F0999}.Release|x86.Build.0 = Release|Any CPU
	EndGlobalSection
	GlobalSection(NestedProjects) = preSolution
		{623C7A15-4F23-47C2-AE41-0456D01F0999} = {F5307A95-758C-48B1-AD7B-AADFF456D7FA}
	EndGlobalSection
EndGlobal
